// !$*UTF8*$!
{
	archiveVersion = 1;
	classes = {
	};
	objectVersion = 56;
	objects = {

/* Begin PBXBuildFile section */
		C4021D2A2E51A70300A06EF2 /* BasicWeatherAppApp.swift in Sources */ = {isa = PBXBuildFile; fileRef = C4021D292E51A70300A06EF2 /* BasicWeatherAppApp.swift */; };
		C4021D2C2E51A70300A06EF2 /* ContentView.swift in Sources */ = {isa = PBXBuildFile; fileRef = C4021D2B2E51A70300A06EF2 /* ContentView.swift */; };
		C4021D2E2E51A70400A06EF2 /* Assets.xcassets in Resources */ = {isa = PBXBuildFile; fileRef = C4021D2D2E51A70400A06EF2 /* Assets.xcassets */; };
		C4021D312E51A70400A06EF2 /* Preview Assets.xcassets in Resources */ = {isa = PBXBuildFile; fileRef = C4021D302E51A70400A06EF2 /* Preview Assets.xcassets */; };
		C4021D3C2E51A70400A06EF2 /* BasicWeatherAppTests.swift in Sources */ = {isa = PBXBuildFile; fileRef = C4021D3B2E51A70400A06EF2 /* BasicWeatherAppTests.swift */; };
		C4021D462E51A70400A06EF2 /* BasicWeatherAppUITests.swift in Sources */ = {isa = PBXBuildFile; fileRef = C4021D452E51A70400A06EF2 /* BasicWeatherAppUITests.swift */; };
		C4021D482E51A70400A06EF2 /* BasicWeatherAppUITestsLaunchTests.swift in Sources */ = {isa = PBXBuildFile; fileRef = C4021D472E51A70400A06EF2 /* BasicWeatherAppUITestsLaunchTests.swift */; };
		C4021D552E51A73200A06EF2 /* weather.swift in Sources */ = {isa = PBXBuildFile; fileRef = C4021D542E51A73200A06EF2 /* weather.swift */; };
/* End PBXBuildFile section */

/* Begin PBXContainerItemProxy section */
		C4021D382E51A70400A06EF2 /* PBXContainerItemProxy */ = {
			isa = PBXContainerItemProxy;
			containerPortal = C4021D1E2E51A70300A06EF2 /* Project object */;
			proxyType = 1;
			remoteGlobalIDString = C4021D252E51A70300A06EF2;
			remoteInfo = BasicWeatherApp;
		};
		C4021D422E51A70400A06EF2 /* PBXContainerItemProxy */ = {
			isa = PBXContainerItemProxy;
			containerPortal = C4021D1E2E51A70300A06EF2 /* Project object */;
			proxyType = 1;
			remoteGlobalIDString = C4021D252E51A70300A06EF2;
			remoteInfo = BasicWeatherApp;
		};
/* End PBXContainerItemProxy section */

/* Begin PBXFileReference section */
		C4021D262E51A70300A06EF2 /* BasicWeatherApp.app */ = {isa = PBXFileReference; explicitFileType = wrapper.application; includeInIndex = 0; path = BasicWeatherApp.app; sourceTree = BUILT_PRODUCTS_DIR; };
		C4021D292E51A70300A06EF2 /* BasicWeatherAppApp.swift */ = {isa = PBXFileReference; lastKnownFileType = sourcecode.swift; path = BasicWeatherAppApp.swift; sourceTree = "<group>"; };
		C4021D2B2E51A70300A06EF2 /* ContentView.swift */ = {isa = PBXFileReference; lastKnownFileType = sourcecode.swift; path = ContentView.swift; sourceTree = "<group>"; };
		C4021D2D2E51A70400A06EF2 /* Assets.xcassets */ = {isa = PBXFileReference; lastKnownFileType = folder.assetcatalog; path = Assets.xcassets; sourceTree = "<group>"; };
		C4021D302E51A70400A06EF2 /* Preview Assets.xcassets */ = {isa = PBXFileReference; lastKnownFileType = folder.assetcatalog; path = "Preview Assets.xcassets"; sourceTree = "<group>"; };
		C4021D322E51A70400A06EF2 /* BasicWeatherApp.entitlements */ = {isa = PBXFileReference; lastKnownFileType = text.plist.entitlements; path = BasicWeatherApp.entitlements; sourceTree = "<group>"; };
		C4021D372E51A70400A06EF2 /* BasicWeatherAppTests.xctest */ = {isa = PBXFileReference; explicitFileType = wrapper.cfbundle; includeInIndex = 0; path = BasicWeatherAppTests.xctest; sourceTree = BUILT_PRODUCTS_DIR; };
		C4021D3B2E51A70400A06EF2 /* BasicWeatherAppTests.swift */ = {isa = PBXFileReference; lastKnownFileType = sourcecode.swift; path = BasicWeatherAppTests.swift; sourceTree = "<group>"; };
		C4021D412E51A70400A06EF2 /* BasicWeatherAppUITests.xctest */ = {isa = PBXFileReference; explicitFileType = wrapper.cfbundle; includeInIndex = 0; path = BasicWeatherAppUITests.xctest; sourceTree = BUILT_PRODUCTS_DIR; };
		C4021D452E51A70400A06EF2 /* BasicWeatherAppUITests.swift */ = {isa = PBXFileReference; lastKnownFileType = sourcecode.swift; path = BasicWeatherAppUITests.swift; sourceTree = "<group>"; };
		C4021D472E51A70400A06EF2 /* BasicWeatherAppUITestsLaunchTests.swift */ = {isa = PBXFileReference; lastKnownFileType = sourcecode.swift; path = BasicWeatherAppUITestsLaunchTests.swift; sourceTree = "<group>"; };
		C4021D542E51A73200A06EF2 /* weather.swift */ = {isa = PBXFileReference; fileEncoding = 4; lastKnownFileType = sourcecode.swift; path = weather.swift; sourceTree = "<group>"; };
/* End PBXFileReference section */

/* Begin PBXFrameworksBuildPhase section */
		C4021D232E51A70300A06EF2 /* Frameworks */ = {
			isa = PBXFrameworksBuildPhase;
			buildActionMask = 2147483647;
			files = (
			);
			runOnlyForDeploymentPostprocessing = 0;
		};
		C4021D342E51A70400A06EF2 /* Frameworks */ = {
			isa = PBXFrameworksBuildPhase;
			buildActionMask = 2147483647;
			files = (
			);
			runOnlyForDeploymentPostprocessing = 0;
		};
		C4021D3E2E51A70400A06EF2 /* Frameworks */ = {
			isa = PBXFrameworksBuildPhase;
			buildActionMask = 2147483647;
			files = (
			);
			runOnlyForDeploymentPostprocessing = 0;
		};
/* End PBXFrameworksBuildPhase section */

/* Begin PBXGroup section */
		C4021D1D2E51A70300A06EF2 = {
			isa = PBXGroup;
			children = (
				C4021D282E51A70300A06EF2 /* BasicWeatherApp */,
				C4021D3A2E51A70400A06EF2 /* BasicWeatherAppTests */,
				C4021D442E51A70400A06EF2 /* BasicWeatherAppUITests */,
				C4021D272E51A70300A06EF2 /* Products */,
			);
			sourceTree = "<group>";
		};
		C4021D272E51A70300A06EF2 /* Products */ = {
			isa = PBXGroup;
			children = (
				C4021D262E51A70300A06EF2 /* BasicWeatherApp.app */,
				C4021D372E51A70400A06EF2 /* BasicWeatherAppTests.xctest */,
				C4021D412E51A70400A06EF2 /* BasicWeatherAppUITests.xctest */,
			);
			name = Products;
			sourceTree = "<group>";
		};
		C4021D282E51A70300A06EF2 /* BasicWeatherApp */ = {
			isa = PBXGroup;
			children = (
				C4021D542E51A73200A06EF2 /* weather.swift */,
				C4021D292E51A70300A06EF2 /* BasicWeatherAppApp.swift */,
				C4021D2B2E51A70300A06EF2 /* ContentView.swift */,
				C4021D2D2E51A70400A06EF2 /* Assets.xcassets */,
				C4021D322E51A70400A06EF2 /* BasicWeatherApp.entitlements */,
				C4021D2F2E51A70400A06EF2 /* Preview Content */,
			);
			path = BasicWeatherApp;
			sourceTree = "<group>";
		};
		C4021D2F2E51A70400A06EF2 /* Preview Content */ = {
			isa = PBXGroup;
			children = (
				C4021D302E51A70400A06EF2 /* Preview Assets.xcassets */,
			);
			path = "Preview Content";
			sourceTree = "<group>";
		};
		C4021D3A2E51A70400A06EF2 /* BasicWeatherAppTests */ = {
			isa = PBXGroup;
			children = (
				C4021D3B2E51A70400A06EF2 /* BasicWeatherAppTests.swift */,
			);
			path = BasicWeatherAppTests;
			sourceTree = "<group>";
		};
		C4021D442E51A70400A06EF2 /* BasicWeatherAppUITests */ = {
			isa = PBXGroup;
			children = (
				C4021D452E51A70400A06EF2 /* BasicWeatherAppUITests.swift */,
				C4021D472E51A70400A06EF2 /* BasicWeatherAppUITestsLaunchTests.swift */,
			);
			path = BasicWeatherAppUITests;
			sourceTree = "<group>";
		};
/* End PBXGroup section */

/* Begin PBXNativeTarget section */
		C4021D252E51A70300A06EF2 /* BasicWeatherApp */ = {
			isa = PBXNativeTarget;
			buildConfigurationList = C4021D4B2E51A70400A06EF2 /* Build configuration list for PBXNativeTarget "BasicWeatherApp" */;
			buildPhases = (
				C4021D222E51A70300A06EF2 /* Sources */,
				C4021D232E51A70300A06EF2 /* Frameworks */,
				C4021D242E51A70300A06EF2 /* Resources */,
			);
			buildRules = (
			);
			dependencies = (
			);
			name = BasicWeatherApp;
			productName = BasicWeatherApp;
			productReference = C4021D262E51A70300A06EF2 /* BasicWeatherApp.app */;
			productType = "com.apple.product-type.application";
		};
		C4021D362E51A70400A06EF2 /* BasicWeatherAppTests */ = {
			isa = PBXNativeTarget;
			buildConfigurationList = C4021D4E2E51A70400A06EF2 /* Build configuration list for PBXNativeTarget "BasicWeatherAppTests" */;
			buildPhases = (
				C4021D332E51A70400A06EF2 /* Sources */,
				C4021D342E51A70400A06EF2 /* Frameworks */,
				C4021D352E51A70400A06EF2 /* Resources */,
			);
			buildRules = (
			);
			dependencies = (
				C4021D392E51A70400A06EF2 /* PBXTargetDependency */,
			);
			name = BasicWeatherAppTests;
			productName = BasicWeatherAppTests;
			productReference = C4021D372E51A70400A06EF2 /* BasicWeatherAppTests.xctest */;
			productType = "com.apple.product-type.bundle.unit-test";
		};
		C4021D402E51A70400A06EF2 /* BasicWeatherAppUITests */ = {
			isa = PBXNativeTarget;
			buildConfigurationList = C4021D512E51A70400A06EF2 /* Build configuration list for PBXNativeTarget "BasicWeatherAppUITests" */;
			buildPhases = (
				C4021D3D2E51A70400A06EF2 /* Sources */,
				C4021D3E2E51A70400A06EF2 /* Frameworks */,
				C4021D3F2E51A70400A06EF2 /* Resources */,
			);
			buildRules = (
			);
			dependencies = (
				C4021D432E51A70400A06EF2 /* PBXTargetDependency */,
			);
			name = BasicWeatherAppUITests;
			productName = BasicWeatherAppUITests;
			productReference = C4021D412E51A70400A06EF2 /* BasicWeatherAppUITests.xctest */;
			productType = "com.apple.product-type.bundle.ui-testing";
		};
/* End PBXNativeTarget section */

/* Begin PBXProject section */
		C4021D1E2E51A70300A06EF2 /* Project object */ = {
			isa = PBXProject;
			attributes = {
				BuildIndependentTargetsInParallel = 1;
				LastSwiftUpdateCheck = 1520;
				LastUpgradeCheck = 1520;
				TargetAttributes = {
					C4021D252E51A70300A06EF2 = {
						CreatedOnToolsVersion = 15.2;
					};
					C4021D362E51A70400A06EF2 = {
						CreatedOnToolsVersion = 15.2;
						TestTargetID = C4021D252E51A70300A06EF2;
					};
					C4021D402E51A70400A06EF2 = {
						CreatedOnToolsVersion = 15.2;
						TestTargetID = C4021D252E51A70300A06EF2;
					};
				};
			};
			buildConfigurationList = C4021D212E51A70300A06EF2 /* Build configuration list for PBXProject "BasicWeatherApp" */;
			compatibilityVersion = "Xcode 14.0";
			developmentRegion = en;
			hasScannedForEncodings = 0;
			knownRegions = (
				en,
				Base,
			);
			mainGroup = C4021D1D2E51A70300A06EF2;
			productRefGroup = C4021D272E51A70300A06EF2 /* Products */;
			projectDirPath = "";
			projectRoot = "";
			targets = (
				C4021D252E51A70300A06EF2 /* BasicWeatherApp */,
				C4021D362E51A70400A06EF2 /* BasicWeatherAppTests */,
				C4021D402E51A70400A06EF2 /* BasicWeatherAppUITests */,
			);
		};
/* End PBXProject section */

/* Begin PBXResourcesBuildPhase section */
		C4021D242E51A70300A06EF2 /* Resources */ = {
			isa = PBXResourcesBuildPhase;
			buildActionMask = 2147483647;
			files = (
				C4021D312E51A70400A06EF2 /* Preview Assets.xcassets in Resources */,
				C4021D2E2E51A70400A06EF2 /* Assets.xcassets in Resources */,
			);
			runOnlyForDeploymentPostprocessing = 0;
		};
		C4021D352E51A70400A06EF2 /* Resources */ = {
			isa = PBXResourcesBuildPhase;
			buildActionMask = 2147483647;
			files = (
			);
			runOnlyForDeploymentPostprocessing = 0;
		};
		C4021D3F2E51A70400A06EF2 /* Resources */ = {
			isa = PBXResourcesBuildPhase;
			buildActionMask = 2147483647;
			files = (
			);
			runOnlyForDeploymentPostprocessing = 0;
		};
/* End PBXResourcesBuildPhase section */

/* Begin PBXSourcesBuildPhase section */
		C4021D222E51A70300A06EF2 /* Sources */ = {
			isa = PBXSourcesBuildPhase;
			buildActionMask = 2147483647;
			files = (
				C4021D2C2E51A70300A06EF2 /* ContentView.swift in Sources */,
				C4021D2A2E51A70300A06EF2 /* BasicWeatherAppApp.swift in Sources */,
				C4021D552E51A73200A06EF2 /* weather.swift in Sources */,
			);
			runOnlyForDeploymentPostprocessing = 0;
		};
		C4021D332E51A70400A06EF2 /* Sources */ = {
			isa = PBXSourcesBuildPhase;
			buildActionMask = 2147483647;
			files = (
				C4021D3C2E51A70400A06EF2 /* BasicWeatherAppTests.swift in Sources */,
			);
			runOnlyForDeploymentPostprocessing = 0;
		};
		C4021D3D2E51A70400A06EF2 /* Sources */ = {
			isa = PBXSourcesBuildPhase;
			buildActionMask = 2147483647;
			files = (
				C4021D482E51A70400A06EF2 /* BasicWeatherAppUITestsLaunchTests.swift in Sources */,
				C4021D462E51A70400A06EF2 /* BasicWeatherAppUITests.swift in Sources */,
			);
			runOnlyForDeploymentPostprocessing = 0;
		};
/* End PBXSourcesBuildPhase section */

/* Begin PBXTargetDependency section */
		C4021D392E51A70400A06EF2 /* PBXTargetDependency */ = {
			isa = PBXTargetDependency;
			target = C4021D252E51A70300A06EF2 /* BasicWeatherApp */;
			targetProxy = C4021D382E51A70400A06EF2 /* PBXContainerItemProxy */;
		};
		C4021D432E51A70400A06EF2 /* PBXTargetDependency */ = {
			isa = PBXTargetDependency;
			target = C4021D252E51A70300A06EF2 /* BasicWeatherApp */;
			targetProxy = C4021D422E51A70400A06EF2 /* PBXContainerItemProxy */;
		};
/* End PBXTargetDependency section */

/* Begin XCBuildConfiguration section */
		C4021D492E51A70400A06EF2 /* Debug */ = {
			isa = XCBuildConfiguration;
			buildSettings = {
				ALWAYS_SEARCH_USER_PATHS = NO;
				ASSETCATALOG_COMPILER_GENERATE_SWIFT_ASSET_SYMBOL_EXTENSIONS = YES;
				CLANG_ANALYZER_NONNULL = YES;
				CLANG_ANALYZER_NUMBER_OBJECT_CONVERSION = YES_AGGRESSIVE;
				CLANG_CXX_LANGUAGE_STANDARD = "gnu++20";
				CLANG_ENABLE_MODULES = YES;
				CLANG_ENABLE_OBJC_ARC = YES;
				CLANG_ENABLE_OBJC_WEAK = YES;
				CLANG_WARN_BLOCK_CAPTURE_AUTORELEASING = YES;
				CLANG_WARN_BOOL_CONVERSION = YES;
				CLANG_WARN_COMMA = YES;
				CLANG_WARN_CONSTANT_CONVERSION = YES;
				CLANG_WARN_DEPRECATED_OBJC_IMPLEMENTATIONS = YES;
				CLANG_WARN_DIRECT_OBJC_ISA_USAGE = YES_ERROR;
				CLANG_WARN_DOCUMENTATION_COMMENTS = YES;
				CLANG_WARN_EMPTY_BODY = YES;
				CLANG_WARN_ENUM_CONVERSION = YES;
				CLANG_WARN_INFINITE_RECURSION = YES;
				CLANG_WARN_INT_CONVERSION = YES;
				CLANG_WARN_NON_LITERAL_NULL_CONVERSION = YES;
				CLANG_WARN_OBJC_IMPLICIT_RETAIN_SELF = YES;
				CLANG_WARN_OBJC_LITERAL_CONVERSION = YES;
				CLANG_WARN_OBJC_ROOT_CLASS = YES_ERROR;
				CLANG_WARN_QUOTED_INCLUDE_IN_FRAMEWORK_HEADER = YES;
				CLANG_WARN_RANGE_LOOP_ANALYSIS = YES;
				CLANG_WARN_STRICT_PROTOTYPES = YES;
				CLANG_WARN_SUSPICIOUS_MOVE = YES;
				CLANG_WARN_UNGUARDED_AVAILABILITY = YES_AGGRESSIVE;
				CLANG_WARN_UNREACHABLE_CODE = YES;
				CLANG_WARN__DUPLICATE_METHOD_MATCH = YES;
				COPY_PHASE_STRIP = NO;
				DEBUG_INFORMATION_FORMAT = dwarf;
				ENABLE_STRICT_OBJC_MSGSEND = YES;
				ENABLE_TESTABILITY = YES;
				ENABLE_USER_SCRIPT_SANDBOXING = YES;
				GCC_C_LANGUAGE_STANDARD = gnu17;
				GCC_DYNAMIC_NO_PIC = NO;
				GCC_NO_COMMON_BLOCKS = YES;
				GCC_OPTIMIZATION_LEVEL = 0;
				GCC_PREPROCESSOR_DEFINITIONS = (
					"DEBUG=1",
					"$(inherited)",
				);
				GCC_WARN_64_TO_32_BIT_CONVERSION = YES;
				GCC_WARN_ABOUT_RETURN_TYPE = YES_ERROR;
				GCC_WARN_UNDECLARED_SELECTOR = YES;
				GCC_WARN_UNINITIALIZED_AUTOS = YES_AGGRESSIVE;
				GCC_WARN_UNUSED_FUNCTION = YES;
				GCC_WARN_UNUSED_VARIABLE = YES;
				LOCALIZATION_PREFERS_STRING_CATALOGS = YES;
				MACOSX_DEPLOYMENT_TARGET = 13.7;
				MTL_ENABLE_DEBUG_INFO = INCLUDE_SOURCE;
				MTL_FAST_MATH = YES;
				ONLY_ACTIVE_ARCH = YES;
				SDKROOT = macosx;
				SWIFT_ACTIVE_COMPILATION_CONDITIONS = "DEBUG $(inherited)";
				SWIFT_OPTIMIZATION_LEVEL = "-Onone";
			};
			name = Debug;
		};
		C4021D4A2E51A70400A06EF2 /* Release */ = {
			isa = XCBuildConfiguration;
			buildSettings = {
				ALWAYS_SEARCH_USER_PATHS = NO;
				ASSETCATALOG_COMPILER_GENERATE_SWIFT_ASSET_SYMBOL_EXTENSIONS = YES;
				CLANG_ANALYZER_NONNULL = YES;
				CLANG_ANALYZER_NUMBER_OBJECT_CONVERSION = YES_AGGRESSIVE;
				CLANG_CXX_LANGUAGE_STANDARD = "gnu++20";
				CLANG_ENABLE_MODULES = YES;
				CLANG_ENABLE_OBJC_ARC = YES;
				CLANG_ENABLE_OBJC_WEAK = YES;
				CLANG_WARN_BLOCK_CAPTURE_AUTORELEASING = YES;
				CLANG_WARN_BOOL_CONVERSION = YES;
				CLANG_WARN_COMMA = YES;
				CLANG_WARN_CONSTANT_CONVERSION = YES;
				CLANG_WARN_DEPRECATED_OBJC_IMPLEMENTATIONS = YES;
				CLANG_WARN_DIRECT_OBJC_ISA_USAGE = YES_ERROR;
				CLANG_WARN_DOCUMENTATION_COMMENTS = YES;
				CLANG_WARN_EMPTY_BODY = YES;
				CLANG_WARN_ENUM_CONVERSION = YES;
				CLANG_WARN_INFINITE_RECURSION = YES;
				CLANG_WARN_INT_CONVERSION = YES;
				CLANG_WARN_NON_LITERAL_NULL_CONVERSION = YES;
				CLANG_WARN_OBJC_IMPLICIT_RETAIN_SELF = YES;
				CLANG_WARN_OBJC_LITERAL_CONVERSION = YES;
				CLANG_WARN_OBJC_ROOT_CLASS = YES_ERROR;
				CLANG_WARN_QUOTED_INCLUDE_IN_FRAMEWORK_HEADER = YES;
				CLANG_WARN_RANGE_LOOP_ANALYSIS = YES;
				CLANG_WARN_STRICT_PROTOTYPES = YES;
				CLANG_WARN_SUSPICIOUS_MOVE = YES;
				CLANG_WARN_UNGUARDED_AVAILABILITY = YES_AGGRESSIVE;
				CLANG_WARN_UNREACHABLE_CODE = YES;
				CLANG_WARN__DUPLICATE_METHOD_MATCH = YES;
				COPY_PHASE_STRIP = NO;
				DEBUG_INFORMATION_FORMAT = "dwarf-with-dsym";
				ENABLE_NS_ASSERTIONS = NO;
				ENABLE_STRICT_OBJC_MSGSEND = YES;
				ENABLE_USER_SCRIPT_SANDBOXING = YES;
				GCC_C_LANGUAGE_STANDARD = gnu17;
				GCC_NO_COMMON_BLOCKS = YES;
				GCC_WARN_64_TO_32_BIT_CONVERSION = YES;
				GCC_WARN_ABOUT_RETURN_TYPE = YES_ERROR;
				GCC_WARN_UNDECLARED_SELECTOR = YES;
				GCC_WARN_UNINITIALIZED_AUTOS = YES_AGGRESSIVE;
				GCC_WARN_UNUSED_FUNCTION = YES;
				GCC_WARN_UNUSED_VARIABLE = YES;
				LOCALIZATION_PREFERS_STRING_CATALOGS = YES;
				MACOSX_DEPLOYMENT_TARGET = 13.7;
				MTL_ENABLE_DEBUG_INFO = NO;
				MTL_FAST_MATH = YES;
				SDKROOT = macosx;
				SWIFT_COMPILATION_MODE = wholemodule;
			};
			name = Release;
		};
		C4021D4C2E51A70400A06EF2 /* Debug */ = {
			isa = XCBuildConfiguration;
			buildSettings = {
				ASSETCATALOG_COMPILER_APPICON_NAME = AppIcon;
				ASSETCATALOG_COMPILER_GLOBAL_ACCENT_COLOR_NAME = AccentColor;
				CODE_SIGN_ENTITLEMENTS = BasicWeatherApp/BasicWeatherApp.entitlements;
				CODE_SIGN_STYLE = Automatic;
				COMBINE_HIDPI_IMAGES = YES;
				CURRENT_PROJECT_VERSION = 1;
				DEVELOPMENT_ASSET_PATHS = "\"BasicWeatherApp/Preview Content\"";
				DEVELOPMENT_TEAM = PAX6XRUD4M;
				ENABLE_HARDENED_RUNTIME = YES;
				ENABLE_PREVIEWS = YES;
				GENERATE_INFOPLIST_FILE = YES;
				INFOPLIST_KEY_LSApplicationCategoryType = "public.app-category.utilities";
				INFOPLIST_KEY_NSHumanReadableCopyright = "";
				LD_RUNPATH_SEARCH_PATHS = (
					"$(inherited)",
					"@executable_path/../Frameworks",
				);
				MARKETING_VERSION = 1.0;
				PRODUCT_BUNDLE_IDENTIFIER = Joyalsam.BasicWeatherApp;
				PRODUCT_NAME = "$(TARGET_NAME)";
				SWIFT_EMIT_LOC_STRINGS = YES;
				SWIFT_VERSION = 5.0;
			};
			name = Debug;
		};
		C4021D4D2E51A70400A06EF2 /* Release */ = {
			isa = XCBuildConfiguration;
			buildSettings = {
				ASSETCATALOG_COMPILER_APPICON_NAME = AppIcon;
				ASSETCATALOG_COMPILER_GLOBAL_ACCENT_COLOR_NAME = AccentColor;
				CODE_SIGN_ENTITLEMENTS = BasicWeatherApp/BasicWeatherApp.entitlements;
				CODE_SIGN_STYLE = Automatic;
				COMBINE_HIDPI_IMAGES = YES;
				CURRENT_PROJECT_VERSION = 1;
				DEVELOPMENT_ASSET_PATHS = "\"BasicWeatherApp/Preview Content\"";
				DEVELOPMENT_TEAM = PAX6XRUD4M;
				ENABLE_HARDENED_RUNTIME = YES;
				ENABLE_PREVIEWS = YES;
				GENERATE_INFOPLIST_FILE = YES;
				INFOPLIST_KEY_LSApplicationCategoryType = "public.app-category.utilities";
				INFOPLIST_KEY_NSHumanReadableCopyright = "";
				LD_RUNPATH_SEARCH_PATHS = (
					"$(inherited)",
					"@executable_path/../Frameworks",
				);
				MARKETING_VERSION = 1.0;
				PRODUCT_BUNDLE_IDENTIFIER = Joyalsam.BasicWeatherApp;
				PRODUCT_NAME = "$(TARGET_NAME)";
				SWIFT_EMIT_LOC_STRINGS = YES;
				SWIFT_VERSION = 5.0;
			};
			name = Release;
		};
		C4021D4F2E51A70400A06EF2 /* Debug */ = {
			isa = XCBuildConfiguration;
			buildSettings = {
				ALWAYS_EMBED_SWIFT_STANDARD_LIBRARIES = YES;
				BUNDLE_LOADER = "$(TEST_HOST)";
				CODE_SIGN_STYLE = Automatic;
				CURRENT_PROJECT_VERSION = 1;
				DEVELOPMENT_TEAM = PAX6XRUD4M;
				GENERATE_INFOPLIST_FILE = YES;
				MACOSX_DEPLOYMENT_TARGET = 13.7;
				MARKETING_VERSION = 1.0;
				PRODUCT_BUNDLE_IDENTIFIER = Joyalsam.BasicWeatherAppTests;
				PRODUCT_NAME = "$(TARGET_NAME)";
				SWIFT_EMIT_LOC_STRINGS = NO;
				SWIFT_VERSION = 5.0;
				TEST_HOST = "$(BUILT_PRODUCTS_DIR)/BasicWeatherApp.app/$(BUNDLE_EXECUTABLE_FOLDER_PATH)/BasicWeatherApp";
			};
			name = Debug;
		};
		C4021D502E51A70400A06EF2 /* Release */ = {
			isa = XCBuildConfiguration;
			buildSettings = {
				ALWAYS_EMBED_SWIFT_STANDARD_LIBRARIES = YES;
				BUNDLE_LOADER = "$(TEST_HOST)";
				CODE_SIGN_STYLE = Automatic;
				CURRENT_PROJECT_VERSION = 1;
				DEVELOPMENT_TEAM = PAX6XRUD4M;
				GENERATE_INFOPLIST_FILE = YES;
				MACOSX_DEPLOYMENT_TARGET = 13.7;
				MARKETING_VERSION = 1.0;
				PRODUCT_BUNDLE_IDENTIFIER = Joyalsam.BasicWeatherAppTests;
				PRODUCT_NAME = "$(TARGET_NAME)";
				SWIFT_EMIT_LOC_STRINGS = NO;
				SWIFT_VERSION = 5.0;
				TEST_HOST = "$(BUILT_PRODUCTS_DIR)/BasicWeatherApp.app/$(BUNDLE_EXECUTABLE_FOLDER_PATH)/BasicWeatherApp";
			};
			name = Release;
		};
		C4021D522E51A70400A06EF2 /* Debug */ = {
			isa = XCBuildConfiguration;
			buildSettings = {
				ALWAYS_EMBED_SWIFT_STANDARD_LIBRARIES = YES;
				CODE_SIGN_STYLE = Automatic;
				CURRENT_PROJECT_VERSION = 1;
				DEVELOPMENT_TEAM = PAX6XRUD4M;
				GENERATE_INFOPLIST_FILE = YES;
				MARKETING_VERSION = 1.0;
				PRODUCT_BUNDLE_IDENTIFIER = Joyalsam.BasicWeatherAppUITests;
				PRODUCT_NAME = "$(TARGET_NAME)";
				SWIFT_EMIT_LOC_STRINGS = NO;
				SWIFT_VERSION = 5.0;
				TEST_TARGET_NAME = BasicWeatherApp;
			};
			name = Debug;
		};
		C4021D532E51A70400A06EF2 /* Release */ = {
			isa = XCBuildConfiguration;
			buildSettings = {
				ALWAYS_EMBED_SWIFT_STANDARD_LIBRARIES = YES;
				CODE_SIGN_STYLE = Automatic;
				CURRENT_PROJECT_VERSION = 1;
				DEVELOPMENT_TEAM = PAX6XRUD4M;
				GENERATE_INFOPLIST_FILE = YES;
				MARKETING_VERSION = 1.0;
				PRODUCT_BUNDLE_IDENTIFIER = Joyalsam.BasicWeatherAppUITests;
				PRODUCT_NAME = "$(TARGET_NAME)";
				SWIFT_EMIT_LOC_STRINGS = NO;
				SWIFT_VERSION = 5.0;
				TEST_TARGET_NAME = BasicWeatherApp;
			};
			name = Release;
		};
/* End XCBuildConfiguration section */

/* Begin XCConfigurationList section */
		C4021D212E51A70300A06EF2 /* Build configuration list for PBXProject "BasicWeatherApp" */ = {
			isa = XCConfigurationList;
			buildConfigurations = (
				C4021D492E51A70400A06EF2 /* Debug */,
				C4021D4A2E51A70400A06EF2 /* Release */,
			);
			defaultConfigurationIsVisible = 0;
			defaultConfigurationName = Release;
		};
		C4021D4B2E51A70400A06EF2 /* Build configuration list for PBXNativeTarget "BasicWeatherApp" */ = {
			isa = XCConfigurationList;
			buildConfigurations = (
				C4021D4C2E51A70400A06EF2 /* Debug */,
				C4021D4D2E51A70400A06EF2 /* Release */,
			);
			defaultConfigurationIsVisible = 0;
			defaultConfigurationName = Release;
		};
		C4021D4E2E51A70400A06EF2 /* Build configuration list for PBXNativeTarget "BasicWeatherAppTests" */ = {
			isa = XCConfigurationList;
			buildConfigurations = (
				C4021D4F2E51A70400A06EF2 /* Debug */,
				C4021D502E51A70400A06EF2 /* Release */,
			);
			defaultConfigurationIsVisible = 0;
			defaultConfigurationName = Release;
		};
		C4021D512E51A70400A06EF2 /* Build configuration list for PBXNativeTarget "BasicWeatherAppUITests" */ = {
			isa = XCConfigurationList;
			buildConfigurations = (
				C4021D522E51A70400A06EF2 /* Debug */,
				C4021D532E51A70400A06EF2 /* Release */,
			);
			defaultConfigurationIsVisible = 0;
			defaultConfigurationName = Release;
		};
/* End XCConfigurationList section */
	};
	rootObject = C4021D1E2E51A70300A06EF2 /* Project object */;
}
